
Microsoft Visual Studio Solution File, Format Version 12.00
# Visual Studio Version 17
VisualStudioVersion = 17.13.35828.75 d17.13
MinimumVisualStudioVersion = 10.0.40219.1
Project("{FAE04EC0-301F-11D3-BF4B-00C04F79EFBC}") = "TaskAPI", "TaskAPI\TaskAPI.csproj", "{C91097EE-56D8-4DCF-9ED4-21B7EAA0EDC5}"
EndProject
Global
	GlobalSection(SolutionConfigurationPlatforms) = preSolution
		Debug|Any CPU = Debug|Any CPU
		Release|Any CPU = Release|Any CPU
	EndGlobalSection
	GlobalSection(ProjectConfigurationPlatforms) = postSolution
		{C91097EE-56D8-4DCF-9ED4-21B7EAA0EDC5}.Debug|Any CPU.ActiveCfg = Debug|Any CPU
		{C91097EE-56D8-4DCF-9ED4-21B7EAA0EDC5}.Debug|Any CPU.Build.0 = Debug|Any CPU
		{C91097EE-56D8-4DCF-9ED4-21B7EAA0EDC5}.Release|Any CPU.ActiveCfg = Release|Any CPU
		{C91097EE-56D8-4DCF-9ED4-21B7EAA0EDC5}.Release|Any CPU.Build.0 = Release|Any CPU
	EndGlobalSection
	GlobalSection(SolutionProperties) = preSolution
		HideSolutionNode = FALSE
	EndGlobalSection
	GlobalSection(ExtensibilityGlobals) = postSolution
		SolutionGuid = {2AD85121-8DC8-4951-BAF5-82D5DFB23586}
	EndGlobalSection
EndGlobal
